
Microsoft Visual Studio Solution File, Format Version 12.00
# Visual Studio Version 16
VisualStudioVersion = 16.0.30717.126
MinimumVisualStudioVersion = 10.0.40219.1
Project("{FAE04EC0-301F-11D3-BF4B-00C04F79EFBC}") = "SessionInteractor.App", "SessionInteractor.App\SessionInteractor.App.csproj", "{A6A26459-0838-41CE-99B3-2814BC58599D}"
EndProject
Project("{FAE04EC0-301F-11D3-BF4B-00C04F79EFBC}") = "SessionPersistence", "SessionPersistance\SessionPersistence.csproj", "{167CDDE0-6DDD-4C82-94F2-C467BCA83090}"
EndProject
Project("{FAE04EC0-301F-11D3-BF4B-00C04F79EFBC}") = "SessionInteractor.Domain", "SessionInteractor.Domain\SessionInteractor.Domain.csproj", "{5A9228E4-BB23-4E35-AE51-C60F3D5FB255}"
EndProject
Global
	GlobalSection(SolutionConfigurationPlatforms) = preSolution
		Debug|Any CPU = Debug|Any CPU
		Release|Any CPU = Release|Any CPU
	EndGlobalSection
	GlobalSection(ProjectConfigurationPlatforms) = postSolution
		{A6A26459-0838-41CE-99B3-2814BC58599D}.Debug|Any CPU.ActiveCfg = Debug|Any CPU
		{A6A26459-0838-41CE-99B3-2814BC58599D}.Debug|Any CPU.Build.0 = Debug|Any CPU
		{A6A26459-0838-41CE-99B3-2814BC58599D}.Release|Any CPU.ActiveCfg = Release|Any CPU
		{A6A26459-0838-41CE-99B3-2814BC58599D}.Release|Any CPU.Build.0 = Release|Any CPU
		{167CDDE0-6DDD-4C82-94F2-C467BCA83090}.Debug|Any CPU.ActiveCfg = Debug|Any CPU
		{167CDDE0-6DDD-4C82-94F2-C467BCA83090}.Debug|Any CPU.Build.0 = Debug|Any CPU
		{167CDDE0-6DDD-4C82-94F2-C467BCA83090}.Release|Any CPU.ActiveCfg = Release|Any CPU
		{167CDDE0-6DDD-4C82-94F2-C467BCA83090}.Release|Any CPU.Build.0 = Release|Any CPU
		{5A9228E4-BB23-4E35-AE51-C60F3D5FB255}.Debug|Any CPU.ActiveCfg = Debug|Any CPU
		{5A9228E4-BB23-4E35-AE51-C60F3D5FB255}.Debug|Any CPU.Build.0 = Debug|Any CPU
		{5A9228E4-BB23-4E35-AE51-C60F3D5FB255}.Release|Any CPU.ActiveCfg = Release|Any CPU
		{5A9228E4-BB23-4E35-AE51-C60F3D5FB255}.Release|Any CPU.Build.0 = Release|Any CPU
	EndGlobalSection
	GlobalSection(SolutionProperties) = preSolution
		HideSolutionNode = FALSE
	EndGlobalSection
	GlobalSection(ExtensibilityGlobals) = postSolution
		SolutionGuid = {6B4E299D-1BD7-4272-8750-41ABBC440EF9}
	EndGlobalSection
EndGlobal
