
Microsoft Visual Studio Solution File, Format Version 12.00
# Visual Studio Version 16
VisualStudioVersion = 16.0.30717.126
MinimumVisualStudioVersion = 10.0.40219.1
Project("{9A19103F-16F7-4668-BE54-9A1E7A4F7556}") = "SessionInteractor.App", "SessionInteractor.App\SessionInteractor.App.csproj", "{A6A26459-0838-41CE-99B3-2814BC58599D}"
EndProject
Project("{9A19103F-16F7-4668-BE54-9A1E7A4F7556}") = "SessionPersistence", "SessionPersistance\SessionPersistence.csproj", "{167CDDE0-6DDD-4C82-94F2-C467BCA83090}"
EndProject
Project("{9A19103F-16F7-4668-BE54-9A1E7A4F7556}") = "SessionInteractor.Domain", "SessionInteractor.Domain\SessionInteractor.Domain.csproj", "{5A9228E4-BB23-4E35-AE51-C60F3D5FB255}"
EndProject
Project("{9A19103F-16F7-4668-BE54-9A1E7A4F7556}") = "SessionInteractor.Adapters", "SessionInteractor.Adapters\SessionInteractor.Adapters.csproj", "{958900BA-CE8F-498C-B3B2-6B0E87F16353}"
EndProject
Project("{9A19103F-16F7-4668-BE54-9A1E7A4F7556}") = "SessionInteractor.Exceptions", "SessionInteractor.Exceptions\SessionInteractor.Exceptions.csproj", "{869451C7-C117-43CD-B216-6B771E817BD9}"
EndProject
Project("{FAE04EC0-301F-11D3-BF4B-00C04F79EFBC}") = "SessionInteractor.Web", "SessionInteractor.Web\SessionInteractor.Web.csproj", "{8CAD5197-E724-41BE-822C-44201798FA9F}"
EndProject
Global
	GlobalSection(SolutionConfigurationPlatforms) = preSolution
		Debug|Any CPU = Debug|Any CPU
		Release|Any CPU = Release|Any CPU
	EndGlobalSection
	GlobalSection(ProjectConfigurationPlatforms) = postSolution
		{A6A26459-0838-41CE-99B3-2814BC58599D}.Debug|Any CPU.ActiveCfg = Debug|Any CPU
		{A6A26459-0838-41CE-99B3-2814BC58599D}.Debug|Any CPU.Build.0 = Debug|Any CPU
		{A6A26459-0838-41CE-99B3-2814BC58599D}.Release|Any CPU.ActiveCfg = Release|Any CPU
		{A6A26459-0838-41CE-99B3-2814BC58599D}.Release|Any CPU.Build.0 = Release|Any CPU
		{167CDDE0-6DDD-4C82-94F2-C467BCA83090}.Debug|Any CPU.ActiveCfg = Debug|Any CPU
		{167CDDE0-6DDD-4C82-94F2-C467BCA83090}.Debug|Any CPU.Build.0 = Debug|Any CPU
		{167CDDE0-6DDD-4C82-94F2-C467BCA83090}.Release|Any CPU.ActiveCfg = Release|Any CPU
		{167CDDE0-6DDD-4C82-94F2-C467BCA83090}.Release|Any CPU.Build.0 = Release|Any CPU
		{5A9228E4-BB23-4E35-AE51-C60F3D5FB255}.Debug|Any CPU.ActiveCfg = Debug|Any CPU
		{5A9228E4-BB23-4E35-AE51-C60F3D5FB255}.Debug|Any CPU.Build.0 = Debug|Any CPU
		{5A9228E4-BB23-4E35-AE51-C60F3D5FB255}.Release|Any CPU.ActiveCfg = Release|Any CPU
		{5A9228E4-BB23-4E35-AE51-C60F3D5FB255}.Release|Any CPU.Build.0 = Release|Any CPU
		{958900BA-CE8F-498C-B3B2-6B0E87F16353}.Debug|Any CPU.ActiveCfg = Debug|Any CPU
		{958900BA-CE8F-498C-B3B2-6B0E87F16353}.Debug|Any CPU.Build.0 = Debug|Any CPU
		{958900BA-CE8F-498C-B3B2-6B0E87F16353}.Release|Any CPU.ActiveCfg = Release|Any CPU
		{958900BA-CE8F-498C-B3B2-6B0E87F16353}.Release|Any CPU.Build.0 = Release|Any CPU
		{869451C7-C117-43CD-B216-6B771E817BD9}.Debug|Any CPU.ActiveCfg = Debug|Any CPU
		{869451C7-C117-43CD-B216-6B771E817BD9}.Debug|Any CPU.Build.0 = Debug|Any CPU
		{869451C7-C117-43CD-B216-6B771E817BD9}.Release|Any CPU.ActiveCfg = Release|Any CPU
		{869451C7-C117-43CD-B216-6B771E817BD9}.Release|Any CPU.Build.0 = Release|Any CPU
		{8CAD5197-E724-41BE-822C-44201798FA9F}.Debug|Any CPU.ActiveCfg = Debug|Any CPU
		{8CAD5197-E724-41BE-822C-44201798FA9F}.Debug|Any CPU.Build.0 = Debug|Any CPU
		{8CAD5197-E724-41BE-822C-44201798FA9F}.Release|Any CPU.ActiveCfg = Release|Any CPU
		{8CAD5197-E724-41BE-822C-44201798FA9F}.Release|Any CPU.Build.0 = Release|Any CPU
	EndGlobalSection
	GlobalSection(SolutionProperties) = preSolution
		HideSolutionNode = FALSE
	EndGlobalSection
	GlobalSection(ExtensibilityGlobals) = postSolution
		SolutionGuid = {6B4E299D-1BD7-4272-8750-41ABBC440EF9}
	EndGlobalSection
EndGlobal
